
Microsoft Visual Studio Solution File, Format Version 12.00
# Visual Studio Version 16
VisualStudioVersion = 16.0.35425.106
MinimumVisualStudioVersion = 10.0.40219.1
Project("{FAE04EC0-301F-11D3-BF4B-00C04F79EFBC}") = "CharpEgitimKampi301.EntityLayer", "CharpEgitimKampi301.EntityLayer\CharpEgitimKampi301.EntityLayer.csproj", "{A8F0B829-4CD9-49BC-B840-C661E84D8E82}"
EndProject
Project("{FAE04EC0-301F-11D3-BF4B-00C04F79EFBC}") = "CharpEgitimKampi301.DataAccessLayer", "CharpEgitimKampi301.DataAccessLayer\CharpEgitimKampi301.DataAccessLayer.csproj", "{BD0D3DAF-1BC0-48DD-BE38-6FA500D7B41F}"
EndProject
Project("{FAE04EC0-301F-11D3-BF4B-00C04F79EFBC}") = "CharpEgitimKampi301.BusinessLayer", "CharpEgitimKampi301.BusinessLayer\CharpEgitimKampi301.BusinessLayer.csproj", "{45B41CA3-DB2B-4355-92AE-C00385CC2283}"
EndProject
Project("{FAE04EC0-301F-11D3-BF4B-00C04F79EFBC}") = "CharpEgitimKampi301.PresentationLayer", "CharpEgitimKampi301.PresentationLayer\CharpEgitimKampi301.PresentationLayer.csproj", "{51D5BCB8-3EB6-48B9-9F34-56A709CD09AE}"
EndProject
Project("{FAE04EC0-301F-11D3-BF4B-00C04F79EFBC}") = "CharpEgitimKampi301.EFProject", "CharpEgitimKampi301.EFProject\CharpEgitimKampi301.EFProject.csproj", "{C7DA36B9-8793-4E6F-A574-FADE179E162A}"
EndProject
Global
	GlobalSection(SolutionConfigurationPlatforms) = preSolution
		Debug|Any CPU = Debug|Any CPU
		Release|Any CPU = Release|Any CPU
	EndGlobalSection
	GlobalSection(ProjectConfigurationPlatforms) = postSolution
		{A8F0B829-4CD9-49BC-B840-C661E84D8E82}.Debug|Any CPU.ActiveCfg = Debug|Any CPU
		{A8F0B829-4CD9-49BC-B840-C661E84D8E82}.Debug|Any CPU.Build.0 = Debug|Any CPU
		{A8F0B829-4CD9-49BC-B840-C661E84D8E82}.Release|Any CPU.ActiveCfg = Release|Any CPU
		{A8F0B829-4CD9-49BC-B840-C661E84D8E82}.Release|Any CPU.Build.0 = Release|Any CPU
		{BD0D3DAF-1BC0-48DD-BE38-6FA500D7B41F}.Debug|Any CPU.ActiveCfg = Debug|Any CPU
		{BD0D3DAF-1BC0-48DD-BE38-6FA500D7B41F}.Debug|Any CPU.Build.0 = Debug|Any CPU
		{BD0D3DAF-1BC0-48DD-BE38-6FA500D7B41F}.Release|Any CPU.ActiveCfg = Release|Any CPU
		{BD0D3DAF-1BC0-48DD-BE38-6FA500D7B41F}.Release|Any CPU.Build.0 = Release|Any CPU
		{45B41CA3-DB2B-4355-92AE-C00385CC2283}.Debug|Any CPU.ActiveCfg = Debug|Any CPU
		{45B41CA3-DB2B-4355-92AE-C00385CC2283}.Debug|Any CPU.Build.0 = Debug|Any CPU
		{45B41CA3-DB2B-4355-92AE-C00385CC2283}.Release|Any CPU.ActiveCfg = Release|Any CPU
		{45B41CA3-DB2B-4355-92AE-C00385CC2283}.Release|Any CPU.Build.0 = Release|Any CPU
		{51D5BCB8-3EB6-48B9-9F34-56A709CD09AE}.Debug|Any CPU.ActiveCfg = Debug|Any CPU
		{51D5BCB8-3EB6-48B9-9F34-56A709CD09AE}.Debug|Any CPU.Build.0 = Debug|Any CPU
		{51D5BCB8-3EB6-48B9-9F34-56A709CD09AE}.Release|Any CPU.ActiveCfg = Release|Any CPU
		{51D5BCB8-3EB6-48B9-9F34-56A709CD09AE}.Release|Any CPU.Build.0 = Release|Any CPU
		{C7DA36B9-8793-4E6F-A574-FADE179E162A}.Debug|Any CPU.ActiveCfg = Debug|Any CPU
		{C7DA36B9-8793-4E6F-A574-FADE179E162A}.Debug|Any CPU.Build.0 = Debug|Any CPU
		{C7DA36B9-8793-4E6F-A574-FADE179E162A}.Release|Any CPU.ActiveCfg = Release|Any CPU
		{C7DA36B9-8793-4E6F-A574-FADE179E162A}.Release|Any CPU.Build.0 = Release|Any CPU
	EndGlobalSection
	GlobalSection(SolutionProperties) = preSolution
		HideSolutionNode = FALSE
	EndGlobalSection
	GlobalSection(ExtensibilityGlobals) = postSolution
		SolutionGuid = {AA32E47B-BD6B-41B5-A911-79AFB7B89107}
	EndGlobalSection
EndGlobal
